PODS:
  - iDSwift (0.0.1):
    - iDSwift/iD (= 0.0.1)
    - iDSwift/standard (= 0.0.1)
  - iDSwift/iD (0.0.1)
  - iDSwift/standard (0.0.1)

DEPENDENCIES:
  - iDSwift (from `../iDSwift.podspec`)

EXTERNAL SOURCES:
  iDSwift:
    :path: "../iDSwift.podspec"

SPEC CHECKSUMS:
  iDSwift: 41637343b2a45d4f4c20cdefe1e61f971b90a548

COCOAPODS: 0.37.2
