PODS:
  - iDSwift (0.0.1):
    - iDSwift/iD (= 0.0.1)
    - iDSwift/standard (= 0.0.1)
  - iDSwift/iD (0.0.1)
  - iDSwift/standard (0.0.1)

DEPENDENCIES:
  - iDSwift (from `../iDSwift.podspec`)

EXTERNAL SOURCES:
  iDSwift:
    :path: ../iDSwift.podspec

SPEC CHECKSUMS:
  iDSwift: ad9e290de60a747a35b3aab3edeb221ff2755c85

PODFILE CHECKSUM: 21c6e0ea16f7ad9e7c45c2ba44d79d38b6bbe082

COCOAPODS: 1.2.0
