PODS:
  - iDSwift (0.0.1):
    - iDSwift/iD (= 0.0.1)
    - iDSwift/standard (= 0.0.1)
  - iDSwift/iD (0.0.1)
  - iDSwift/standard (0.0.1)

DEPENDENCIES:
  - iDSwift (from `../iDSwift.podspec`)

EXTERNAL SOURCES:
  iDSwift:
    :path: "../iDSwift.podspec"

SPEC CHECKSUMS:
  iDSwift: 85d25c812165d029fb4f9cec7a12f4fc24bb7049

COCOAPODS: 0.37.2
